
Microsoft Visual Studio Solution File, Format Version 12.00
# Visual Studio Version 17
VisualStudioVersion = 17.5.33516.290
MinimumVisualStudioVersion = 10.0.40219.1
Project("{9A19103F-16F7-4668-BE54-9A1E7A4F7556}") = "Exibirgeladeira", "ControleDeItens\Exibirgeladeira.csproj", "{A8B908CE-5B5D-4A71-90DD-CE2CDA0676D3}"
EndProject
Project("{9A19103F-16F7-4668-BE54-9A1E7A4F7556}") = "Domain", "GeladeiraCodeRDIVersity\Domain.csproj", "{A731033B-9BB3-4A99-B3F4-322BFB49B7E7}"
EndProject
Project("{9A19103F-16F7-4668-BE54-9A1E7A4F7556}") = "GeladeiraAPI", "GeladeiraAPI\GeladeiraAPI.csproj", "{67AF5824-172D-481C-8323-81837783B70A}"
EndProject
Project("{9A19103F-16F7-4668-BE54-9A1E7A4F7556}") = "RepositoryMigration", "RepositoryMigration\RepositoryMigration.csproj", "{6674E56B-523E-4384-A6FE-4E36B9F6AF27}"
EndProject
Global
	GlobalSection(SolutionConfigurationPlatforms) = preSolution
		Debug|Any CPU = Debug|Any CPU
		Release|Any CPU = Release|Any CPU
	EndGlobalSection
	GlobalSection(ProjectConfigurationPlatforms) = postSolution
		{A8B908CE-5B5D-4A71-90DD-CE2CDA0676D3}.Debug|Any CPU.ActiveCfg = Debug|Any CPU
		{A8B908CE-5B5D-4A71-90DD-CE2CDA0676D3}.Debug|Any CPU.Build.0 = Debug|Any CPU
		{A8B908CE-5B5D-4A71-90DD-CE2CDA0676D3}.Release|Any CPU.ActiveCfg = Release|Any CPU
		{A8B908CE-5B5D-4A71-90DD-CE2CDA0676D3}.Release|Any CPU.Build.0 = Release|Any CPU
		{A731033B-9BB3-4A99-B3F4-322BFB49B7E7}.Debug|Any CPU.ActiveCfg = Debug|Any CPU
		{A731033B-9BB3-4A99-B3F4-322BFB49B7E7}.Debug|Any CPU.Build.0 = Debug|Any CPU
		{A731033B-9BB3-4A99-B3F4-322BFB49B7E7}.Release|Any CPU.ActiveCfg = Release|Any CPU
		{A731033B-9BB3-4A99-B3F4-322BFB49B7E7}.Release|Any CPU.Build.0 = Release|Any CPU
		{67AF5824-172D-481C-8323-81837783B70A}.Debug|Any CPU.ActiveCfg = Debug|Any CPU
		{67AF5824-172D-481C-8323-81837783B70A}.Debug|Any CPU.Build.0 = Debug|Any CPU
		{67AF5824-172D-481C-8323-81837783B70A}.Release|Any CPU.ActiveCfg = Release|Any CPU
		{67AF5824-172D-481C-8323-81837783B70A}.Release|Any CPU.Build.0 = Release|Any CPU
		{6674E56B-523E-4384-A6FE-4E36B9F6AF27}.Debug|Any CPU.ActiveCfg = Debug|Any CPU
		{6674E56B-523E-4384-A6FE-4E36B9F6AF27}.Debug|Any CPU.Build.0 = Debug|Any CPU
		{6674E56B-523E-4384-A6FE-4E36B9F6AF27}.Release|Any CPU.ActiveCfg = Release|Any CPU
		{6674E56B-523E-4384-A6FE-4E36B9F6AF27}.Release|Any CPU.Build.0 = Release|Any CPU
	EndGlobalSection
	GlobalSection(SolutionProperties) = preSolution
		HideSolutionNode = FALSE
	EndGlobalSection
	GlobalSection(ExtensibilityGlobals) = postSolution
		SolutionGuid = {B1ADF344-29BB-4669-B1DF-F86C50E0E3A8}
	EndGlobalSection
EndGlobal
